Microsoft Visual Studio Solution File, Format Version 12.00
# Visual Studio 16
Project("{8BC9CEB8-8B4A-11D0-8D11-00A0C91BC942}") = "ALL_BUILD", "ALL_BUILD.vcxproj", "{FCB0BF85-C5FC-3A00-B80C-1DABD9C36146}"
	ProjectSection(ProjectDependencies) = postProject
		{94ECE3E6-BEFB-3E43-A2E2-F09E9A48D5F6} = {94ECE3E6-BEFB-3E43-A2E2-F09E9A48D5F6}
		{DA77D7E5-DF49-3E93-94A6-E3248E553053} = {DA77D7E5-DF49-3E93-94A6-E3248E553053}
		{9E904828-6D39-35B3-B18F-01D7C372CC9E} = {9E904828-6D39-35B3-B18F-01D7C372CC9E}
		{C821E31E-88AE-332C-9B85-A66C9C666D28} = {C821E31E-88AE-332C-9B85-A66C9C666D28}
		{F1B57889-7B63-31A2-B7E3-EC88CA20CB42} = {F1B57889-7B63-31A2-B7E3-EC88CA20CB42}
		{13F61E03-52FA-36C1-9C5A-B57723EC1338} = {13F61E03-52FA-36C1-9C5A-B57723EC1338}
	EndProjectSection
EndProject
Project("{8BC9CEB8-8B4A-11D0-8D11-00A0C91BC942}") = "ZERO_CHECK", "ZERO_CHECK.vcxproj", "{94ECE3E6-BEFB-3E43-A2E2-F09E9A48D5F6}"
	ProjectSection(ProjectDependencies) = postProject
	EndProjectSection
EndProject
Project("{8BC9CEB8-8B4A-11D0-8D11-00A0C91BC942}") = "cef_gtest", "tests\gtest\cef_gtest.vcxproj", "{DA77D7E5-DF49-3E93-94A6-E3248E553053}"
	ProjectSection(ProjectDependencies) = postProject
		{94ECE3E6-BEFB-3E43-A2E2-F09E9A48D5F6} = {94ECE3E6-BEFB-3E43-A2E2-F09E9A48D5F6}
	EndProjectSection
EndProject
Project("{8BC9CEB8-8B4A-11D0-8D11-00A0C91BC942}") = "cefclient", "tests\cefclient\cefclient.vcxproj", "{9E904828-6D39-35B3-B18F-01D7C372CC9E}"
	ProjectSection(ProjectDependencies) = postProject
		{94ECE3E6-BEFB-3E43-A2E2-F09E9A48D5F6} = {94ECE3E6-BEFB-3E43-A2E2-F09E9A48D5F6}
		{13F61E03-52FA-36C1-9C5A-B57723EC1338} = {13F61E03-52FA-36C1-9C5A-B57723EC1338}
	EndProjectSection
EndProject
Project("{8BC9CEB8-8B4A-11D0-8D11-00A0C91BC942}") = "cefsimple", "tests\cefsimple\cefsimple.vcxproj", "{C821E31E-88AE-332C-9B85-A66C9C666D28}"
	ProjectSection(ProjectDependencies) = postProject
		{94ECE3E6-BEFB-3E43-A2E2-F09E9A48D5F6} = {94ECE3E6-BEFB-3E43-A2E2-F09E9A48D5F6}
		{13F61E03-52FA-36C1-9C5A-B57723EC1338} = {13F61E03-52FA-36C1-9C5A-B57723EC1338}
	EndProjectSection
EndProject
Project("{8BC9CEB8-8B4A-11D0-8D11-00A0C91BC942}") = "ceftests", "tests\ceftests\ceftests.vcxproj", "{F1B57889-7B63-31A2-B7E3-EC88CA20CB42}"
	ProjectSection(ProjectDependencies) = postProject
		{94ECE3E6-BEFB-3E43-A2E2-F09E9A48D5F6} = {94ECE3E6-BEFB-3E43-A2E2-F09E9A48D5F6}
		{DA77D7E5-DF49-3E93-94A6-E3248E553053} = {DA77D7E5-DF49-3E93-94A6-E3248E553053}
		{13F61E03-52FA-36C1-9C5A-B57723EC1338} = {13F61E03-52FA-36C1-9C5A-B57723EC1338}
	EndProjectSection
EndProject
Project("{8BC9CEB8-8B4A-11D0-8D11-00A0C91BC942}") = "libcef_dll_wrapper", "libcef_dll_wrapper\libcef_dll_wrapper.vcxproj", "{13F61E03-52FA-36C1-9C5A-B57723EC1338}"
	ProjectSection(ProjectDependencies) = postProject
		{94ECE3E6-BEFB-3E43-A2E2-F09E9A48D5F6} = {94ECE3E6-BEFB-3E43-A2E2-F09E9A48D5F6}
	EndProjectSection
EndProject
Global
	GlobalSection(SolutionConfigurationPlatforms) = preSolution
		Debug|Win32 = Debug|Win32
		Release|Win32 = Release|Win32
	EndGlobalSection
	GlobalSection(ProjectConfigurationPlatforms) = postSolution
		{FCB0BF85-C5FC-3A00-B80C-1DABD9C36146}.Debug|Win32.ActiveCfg = Debug|Win32
		{FCB0BF85-C5FC-3A00-B80C-1DABD9C36146}.Release|Win32.ActiveCfg = Release|Win32
		{94ECE3E6-BEFB-3E43-A2E2-F09E9A48D5F6}.Debug|Win32.ActiveCfg = Debug|Win32
		{94ECE3E6-BEFB-3E43-A2E2-F09E9A48D5F6}.Debug|Win32.Build.0 = Debug|Win32
		{94ECE3E6-BEFB-3E43-A2E2-F09E9A48D5F6}.Release|Win32.ActiveCfg = Release|Win32
		{94ECE3E6-BEFB-3E43-A2E2-F09E9A48D5F6}.Release|Win32.Build.0 = Release|Win32
		{DA77D7E5-DF49-3E93-94A6-E3248E553053}.Debug|Win32.ActiveCfg = Debug|Win32
		{DA77D7E5-DF49-3E93-94A6-E3248E553053}.Debug|Win32.Build.0 = Debug|Win32
		{DA77D7E5-DF49-3E93-94A6-E3248E553053}.Release|Win32.ActiveCfg = Release|Win32
		{DA77D7E5-DF49-3E93-94A6-E3248E553053}.Release|Win32.Build.0 = Release|Win32
		{9E904828-6D39-35B3-B18F-01D7C372CC9E}.Debug|Win32.ActiveCfg = Debug|Win32
		{9E904828-6D39-35B3-B18F-01D7C372CC9E}.Debug|Win32.Build.0 = Debug|Win32
		{9E904828-6D39-35B3-B18F-01D7C372CC9E}.Release|Win32.ActiveCfg = Release|Win32
		{9E904828-6D39-35B3-B18F-01D7C372CC9E}.Release|Win32.Build.0 = Release|Win32
		{C821E31E-88AE-332C-9B85-A66C9C666D28}.Debug|Win32.ActiveCfg = Debug|Win32
		{C821E31E-88AE-332C-9B85-A66C9C666D28}.Debug|Win32.Build.0 = Debug|Win32
		{C821E31E-88AE-332C-9B85-A66C9C666D28}.Release|Win32.ActiveCfg = Release|Win32
		{C821E31E-88AE-332C-9B85-A66C9C666D28}.Release|Win32.Build.0 = Release|Win32
		{F1B57889-7B63-31A2-B7E3-EC88CA20CB42}.Debug|Win32.ActiveCfg = Debug|Win32
		{F1B57889-7B63-31A2-B7E3-EC88CA20CB42}.Debug|Win32.Build.0 = Debug|Win32
		{F1B57889-7B63-31A2-B7E3-EC88CA20CB42}.Release|Win32.ActiveCfg = Release|Win32
		{F1B57889-7B63-31A2-B7E3-EC88CA20CB42}.Release|Win32.Build.0 = Release|Win32
		{13F61E03-52FA-36C1-9C5A-B57723EC1338}.Debug|Win32.ActiveCfg = Debug|Win32
		{13F61E03-52FA-36C1-9C5A-B57723EC1338}.Debug|Win32.Build.0 = Debug|Win32
		{13F61E03-52FA-36C1-9C5A-B57723EC1338}.Release|Win32.ActiveCfg = Release|Win32
		{13F61E03-52FA-36C1-9C5A-B57723EC1338}.Release|Win32.Build.0 = Release|Win32
	EndGlobalSection
	GlobalSection(ExtensibilityGlobals) = postSolution
		SolutionGuid = {A61E64CB-7EF8-36D3-B64F-9AAB66365735}
	EndGlobalSection
	GlobalSection(ExtensibilityAddIns) = postSolution
	EndGlobalSection
EndGlobal
